<?xml version="1.0" encoding="utf-8"?>
<Project ToolsVersion="4.0" xmlns="http://schemas.microsoft.com/developer/msbuild/2003">
  <ItemGroup>
    <Filter Include="Source Files">
      <UniqueIdentifier>{4FC737F1-C7A5-4376-A066-2A32D752A2FF}</UniqueIdentifier>
      <Extensions>cpp;c;cc;cxx;c++;cppm;ixx;def;odl;idl;hpj;bat;asm;asmx</Extensions>
    </Filter>
    <Filter Include="Header Files">
      <UniqueIdentifier>{93995380-89BD-4b04-88EB-625FBE52EBFB}</UniqueIdentifier>
      <Extensions>h;hh;hpp;hxx;h++;hm;inl;inc;ipp;xsd</Extensions>
    </Filter>
    <Filter Include="Resource Files">
      <UniqueIdentifier>{67DA6AB6-F800-4c08-8B7A-83BB121AAD01}</UniqueIdentifier>
      <Extensions>rc;ico;cur;bmp;dlg;rc2;rct;bin;rgs;gif;jpg;jpeg;jpe;resx;tiff;tif;png;wav;mfcribbon-ms</Extensions>
    </Filter>
    <Filter Include="Network">
      <UniqueIdentifier>{d6fdf1f6-8e36-407d-8b08-ed5286250d07}</UniqueIdentifier>
    </Filter>
    <Filter Include="Network\Src">
      <UniqueIdentifier>{da572e92-d42c-4b11-a333-55586e4432eb}</UniqueIdentifier>
    </Filter>
    <Filter Include="Network\Inc">
      <UniqueIdentifier>{41f5f53c-7aa0-4c1e-9a33-91cc2e3437e1}</UniqueIdentifier>
    </Filter>
    <Filter Include="Debugger">
      <UniqueIdentifier>{57afd491-75ff-4f07-b161-58dabb40dced}</UniqueIdentifier>
    </Filter>
    <Filter Include="Debugger\Inc">
      <UniqueIdentifier>{b034a0da-31f8-4eb8-a3d6-3f6caa0bdaaa}</UniqueIdentifier>
    </Filter>
    <Filter Include="Debugger\Src">
      <UniqueIdentifier>{9862e25d-71ea-456c-8ba9-f3d61cf9c595}</UniqueIdentifier>
    </Filter>
    <Filter Include="Core">
      <UniqueIdentifier>{ea87b72f-1d44-4cd3-899b-390c1c874d16}</UniqueIdentifier>
    </Filter>
    <Filter Include="Core\Inc">
      <UniqueIdentifier>{410af056-02cd-445d-8f4b-3a5f5d1a1725}</UniqueIdentifier>
    </Filter>
    <Filter Include="Core\Src">
      <UniqueIdentifier>{3051f0fb-2c7b-415a-b9ea-bd6204302c36}</UniqueIdentifier>
    </Filter>
  </ItemGroup>
  <ItemGroup>
    <ClCompile Include="main.cpp">
      <Filter>Source Files</Filter>
    </ClCompile>
    <ClCompile Include="Network\Socket.cpp">
      <Filter>Network\Src</Filter>
    </ClCompile>
    <ClCompile Include="Debugger\Logger.cpp">
      <Filter>Debugger\Src</Filter>
    </ClCompile>
    <ClCompile Include="Network\TCPSocket.cpp">
      <Filter>Network\Src</Filter>
    </ClCompile>
    <ClCompile Include="Network\TCPServer.cpp">
      <Filter>Network\Src</Filter>
    </ClCompile>
    <ClCompile Include="Core\Gateway.cpp">
      <Filter>Core\Src</Filter>
    </ClCompile>
    <ClCompile Include="Core\ClientHandler.cpp">
      <Filter>Core\Src</Filter>
    </ClCompile>
  </ItemGroup>
  <ItemGroup>
    <ClInclude Include="Network\Socket.hpp">
      <Filter>Network\Inc</Filter>
    </ClInclude>
    <ClInclude Include="Definitions.hpp">
      <Filter>Header Files</Filter>
    </ClInclude>
    <ClInclude Include="Debugger\Logger.hpp">
      <Filter>Debugger\Inc</Filter>
    </ClInclude>
    <ClInclude Include="Network\TCPSocket.hpp">
      <Filter>Network\Inc</Filter>
    </ClInclude>
    <ClInclude Include="Network\TCPServer.hpp">
      <Filter>Network\Inc</Filter>
    </ClInclude>
    <ClInclude Include="Core\Gateway.hpp">
      <Filter>Core\Inc</Filter>
    </ClInclude>
    <ClInclude Include="Core\ClientHandler.hpp">
      <Filter>Core\Inc</Filter>
    </ClInclude>
  </ItemGroup>
</Project>